
Microsoft Visual Studio Solution File, Format Version 12.00
# Visual Studio Version 16
VisualStudioVersion = 16.0.31025.194
MinimumVisualStudioVersion = 10.0.40219.1
Project("{FAE04EC0-301F-11D3-BF4B-00C04F79EFBC}") = "ApiAddition", "ApiAddition.csproj", "{ADFD97B0-AC39-42DD-B98A-3807C3EF8E32}"
EndProject
Global
	GlobalSection(SolutionConfigurationPlatforms) = preSolution
		Debug|Any CPU = Debug|Any CPU
		Release|Any CPU = Release|Any CPU
	EndGlobalSection
	GlobalSection(ProjectConfigurationPlatforms) = postSolution
		{ADFD97B0-AC39-42DD-B98A-3807C3EF8E32}.Debug|Any CPU.ActiveCfg = Debug|Any CPU
		{ADFD97B0-AC39-42DD-B98A-3807C3EF8E32}.Debug|Any CPU.Build.0 = Debug|Any CPU
		{ADFD97B0-AC39-42DD-B98A-3807C3EF8E32}.Release|Any CPU.ActiveCfg = Release|Any CPU
		{ADFD97B0-AC39-42DD-B98A-3807C3EF8E32}.Release|Any CPU.Build.0 = Release|Any CPU
	EndGlobalSection
	GlobalSection(SolutionProperties) = preSolution
		HideSolutionNode = FALSE
	EndGlobalSection
	GlobalSection(ExtensibilityGlobals) = postSolution
		SolutionGuid = {85854919-3ADE-4F48-8899-701CDFFB50AF}
	EndGlobalSection
EndGlobal
